// !$*UTF8*$!
{
	archiveVersion = 1;
	classes = {
	};
	objectVersion = 46;
	objects = {

/* Begin PBXBuildFile section */
		47AE114A1A86DA17007A406C /* AppDelegate.swift in Sources */ = {isa = PBXBuildFile; fileRef = 47AE11491A86DA17007A406C /* AppDelegate.swift */; };
		47AE114C1A86DA17007A406C /* ViewController.swift in Sources */ = {isa = PBXBuildFile; fileRef = 47AE114B1A86DA17007A406C /* ViewController.swift */; };
		47AE114F1A86DA17007A406C /* Main.storyboard in Resources */ = {isa = PBXBuildFile; fileRef = 47AE114D1A86DA17007A406C /* Main.storyboard */; };
		47AE11511A86DA17007A406C /* Images.xcassets in Resources */ = {isa = PBXBuildFile; fileRef = 47AE11501A86DA17007A406C /* Images.xcassets */; };
		47AE11541A86DA17007A406C /* LaunchScreen.xib in Resources */ = {isa = PBXBuildFile; fileRef = 47AE11521A86DA17007A406C /* LaunchScreen.xib */; };
		47AE11601A86DA18007A406C /* CalculatorTests.swift in Sources */ = {isa = PBXBuildFile; fileRef = 47AE115F1A86DA18007A406C /* CalculatorTests.swift */; };
		47AE116A1A88691F007A406C /* CalculatorModel.swift in Sources */ = {isa = PBXBuildFile; fileRef = 47AE11691A88691F007A406C /* CalculatorModel.swift */; };
/* End PBXBuildFile section */

/* Begin PBXContainerItemProxy section */
		47AE115A1A86DA18007A406C /* PBXContainerItemProxy */ = {
			isa = PBXContainerItemProxy;
			containerPortal = 47AE113C1A86DA17007A406C /* Project object */;
			proxyType = 1;
			remoteGlobalIDString = 47AE11431A86DA17007A406C;
			remoteInfo = Calculator;
		};
/* End PBXContainerItemProxy section */

/* Begin PBXFileReference section */
		47AE11441A86DA17007A406C /* Calculator.app */ = {isa = PBXFileReference; explicitFileType = wrapper.application; includeInIndex = 0; path = Calculator.app; sourceTree = BUILT_PRODUCTS_DIR; };
		47AE11481A86DA17007A406C /* Info.plist */ = {isa = PBXFileReference; lastKnownFileType = text.plist.xml; path = Info.plist; sourceTree = "<group>"; };
		47AE11491A86DA17007A406C /* AppDelegate.swift */ = {isa = PBXFileReference; lastKnownFileType = sourcecode.swift; path = AppDelegate.swift; sourceTree = "<group>"; };
		47AE114B1A86DA17007A406C /* ViewController.swift */ = {isa = PBXFileReference; lastKnownFileType = sourcecode.swift; path = ViewController.swift; sourceTree = "<group>"; };
		47AE114E1A86DA17007A406C /* Base */ = {isa = PBXFileReference; lastKnownFileType = file.storyboard; name = Base; path = Base.lproj/Main.storyboard; sourceTree = "<group>"; };
		47AE11501A86DA17007A406C /* Images.xcassets */ = {isa = PBXFileReference; lastKnownFileType = folder.assetcatalog; path = Images.xcassets; sourceTree = "<group>"; };
		47AE11531A86DA17007A406C /* Base */ = {isa = PBXFileReference; lastKnownFileType = file.xib; name = Base; path = Base.lproj/LaunchScreen.xib; sourceTree = "<group>"; };
		47AE11591A86DA18007A406C /* CalculatorTests.xctest */ = {isa = PBXFileReference; explicitFileType = wrapper.cfbundle; includeInIndex = 0; path = CalculatorTests.xctest; sourceTree = BUILT_PRODUCTS_DIR; };
		47AE115E1A86DA18007A406C /* Info.plist */ = {isa = PBXFileReference; lastKnownFileType = text.plist.xml; path = Info.plist; sourceTree = "<group>"; };
		47AE115F1A86DA18007A406C /* CalculatorTests.swift */ = {isa = PBXFileReference; lastKnownFileType = sourcecode.swift; path = CalculatorTests.swift; sourceTree = "<group>"; };
		47AE11691A88691F007A406C /* CalculatorModel.swift */ = {isa = PBXFileReference; fileEncoding = 4; lastKnownFileType = sourcecode.swift; path = CalculatorModel.swift; sourceTree = SOURCE_ROOT; };
/* End PBXFileReference section */

/* Begin PBXFrameworksBuildPhase section */
		47AE11411A86DA17007A406C /* Frameworks */ = {
			isa = PBXFrameworksBuildPhase;
			buildActionMask = 2147483647;
			files = (
			);
			runOnlyForDeploymentPostprocessing = 0;
		};
		47AE11561A86DA18007A406C /* Frameworks */ = {
			isa = PBXFrameworksBuildPhase;
			buildActionMask = 2147483647;
			files = (
			);
			runOnlyForDeploymentPostprocessing = 0;
		};
/* End PBXFrameworksBuildPhase section */

/* Begin PBXGroup section */
		47AE113B1A86DA17007A406C = {
			isa = PBXGroup;
			children = (
				47AE11461A86DA17007A406C /* Calculator */,
				47AE115C1A86DA18007A406C /* CalculatorTests */,
				47AE11451A86DA17007A406C /* Products */,
			);
			sourceTree = "<group>";
		};
		47AE11451A86DA17007A406C /* Products */ = {
			isa = PBXGroup;
			children = (
				47AE11441A86DA17007A406C /* Calculator.app */,
				47AE11591A86DA18007A406C /* CalculatorTests.xctest */,
			);
			name = Products;
			sourceTree = "<group>";
		};
		47AE11461A86DA17007A406C /* Calculator */ = {
			isa = PBXGroup;
			children = (
				47AE11691A88691F007A406C /* CalculatorModel.swift */,
				47AE11491A86DA17007A406C /* AppDelegate.swift */,
				47AE114B1A86DA17007A406C /* ViewController.swift */,
				47AE114D1A86DA17007A406C /* Main.storyboard */,
				47AE11501A86DA17007A406C /* Images.xcassets */,
				47AE11521A86DA17007A406C /* LaunchScreen.xib */,
				47AE11471A86DA17007A406C /* Supporting Files */,
			);
			path = Calculator;
			sourceTree = "<group>";
		};
		47AE11471A86DA17007A406C /* Supporting Files */ = {
			isa = PBXGroup;
			children = (
				47AE11481A86DA17007A406C /* Info.plist */,
			);
			name = "Supporting Files";
			sourceTree = "<group>";
		};
		47AE115C1A86DA18007A406C /* CalculatorTests */ = {
			isa = PBXGroup;
			children = (
				47AE115F1A86DA18007A406C /* CalculatorTests.swift */,
				47AE115D1A86DA18007A406C /* Supporting Files */,
			);
			path = CalculatorTests;
			sourceTree = "<group>";
		};
		47AE115D1A86DA18007A406C /* Supporting Files */ = {
			isa = PBXGroup;
			children = (
				47AE115E1A86DA18007A406C /* Info.plist */,
			);
			name = "Supporting Files";
			sourceTree = "<group>";
		};
/* End PBXGroup section */

/* Begin PBXNativeTarget section */
		47AE11431A86DA17007A406C /* Calculator */ = {
			isa = PBXNativeTarget;
			buildConfigurationList = 47AE11631A86DA18007A406C /* Build configuration list for PBXNativeTarget "Calculator" */;
			buildPhases = (
				47AE11401A86DA17007A406C /* Sources */,
				47AE11411A86DA17007A406C /* Frameworks */,
				47AE11421A86DA17007A406C /* Resources */,
			);
			buildRules = (
			);
			dependencies = (
			);
			name = Calculator;
			productName = Calculator;
			productReference = 47AE11441A86DA17007A406C /* Calculator.app */;
			productType = "com.apple.product-type.application";
		};
		47AE11581A86DA18007A406C /* CalculatorTests */ = {
			isa = PBXNativeTarget;
			buildConfigurationList = 47AE11661A86DA18007A406C /* Build configuration list for PBXNativeTarget "CalculatorTests" */;
			buildPhases = (
				47AE11551A86DA18007A406C /* Sources */,
				47AE11561A86DA18007A406C /* Frameworks */,
				47AE11571A86DA18007A406C /* Resources */,
			);
			buildRules = (
			);
			dependencies = (
				47AE115B1A86DA18007A406C /* PBXTargetDependency */,
			);
			name = CalculatorTests;
			productName = CalculatorTests;
			productReference = 47AE11591A86DA18007A406C /* CalculatorTests.xctest */;
			productType = "com.apple.product-type.bundle.unit-test";
		};
/* End PBXNativeTarget section */

/* Begin PBXProject section */
		47AE113C1A86DA17007A406C /* Project object */ = {
			isa = PBXProject;
			attributes = {
				LastUpgradeCheck = 0610;
				ORGANIZATIONNAME = "Austen Talbot";
				TargetAttributes = {
					47AE11431A86DA17007A406C = {
						CreatedOnToolsVersion = 6.1.1;
					};
					47AE11581A86DA18007A406C = {
						CreatedOnToolsVersion = 6.1.1;
						TestTargetID = 47AE11431A86DA17007A406C;
					};
				};
			};
			buildConfigurationList = 47AE113F1A86DA17007A406C /* Build configuration list for PBXProject "Calculator" */;
			compatibilityVersion = "Xcode 3.2";
			developmentRegion = English;
			hasScannedForEncodings = 0;
			knownRegions = (
				en,
				Base,
			);
			mainGroup = 47AE113B1A86DA17007A406C;
			productRefGroup = 47AE11451A86DA17007A406C /* Products */;
			projectDirPath = "";
			projectRoot = "";
			targets = (
				47AE11431A86DA17007A406C /* Calculator */,
				47AE11581A86DA18007A406C /* CalculatorTests */,
			);
		};
/* End PBXProject section */

/* Begin PBXResourcesBuildPhase section */
		47AE11421A86DA17007A406C /* Resources */ = {
			isa = PBXResourcesBuildPhase;
			buildActionMask = 2147483647;
			files = (
				47AE114F1A86DA17007A406C /* Main.storyboard in Resources */,
				47AE11541A86DA17007A406C /* LaunchScreen.xib in Resources */,
				47AE11511A86DA17007A406C /* Images.xcassets in Resources */,
			);
			runOnlyForDeploymentPostprocessing = 0;
		};
		47AE11571A86DA18007A406C /* Resources */ = {
			isa = PBXResourcesBuildPhase;
			buildActionMask = 2147483647;
			files = (
			);
			runOnlyForDeploymentPostprocessing = 0;
		};
/* End PBXResourcesBuildPhase section */

/* Begin PBXSourcesBuildPhase section */
		47AE11401A86DA17007A406C /* Sources */ = {
			isa = PBXSourcesBuildPhase;
			buildActionMask = 2147483647;
			files = (
				47AE116A1A88691F007A406C /* CalculatorModel.swift in Sources */,
				47AE114C1A86DA17007A406C /* ViewController.swift in Sources */,
				47AE114A1A86DA17007A406C /* AppDelegate.swift in Sources */,
			);
			runOnlyForDeploymentPostprocessing = 0;
		};
		47AE11551A86DA18007A406C /* Sources */ = {
			isa = PBXSourcesBuildPhase;
			buildActionMask = 2147483647;
			files = (
				47AE11601A86DA18007A406C /* CalculatorTests.swift in Sources */,
			);
			runOnlyForDeploymentPostprocessing = 0;
		};
/* End PBXSourcesBuildPhase section */

/* Begin PBXTargetDependency section */
		47AE115B1A86DA18007A406C /* PBXTargetDependency */ = {
			isa = PBXTargetDependency;
			target = 47AE11431A86DA17007A406C /* Calculator */;
			targetProxy = 47AE115A1A86DA18007A406C /* PBXContainerItemProxy */;
		};
/* End PBXTargetDependency section */

/* Begin PBXVariantGroup section */
		47AE114D1A86DA17007A406C /* Main.storyboard */ = {
			isa = PBXVariantGroup;
			children = (
				47AE114E1A86DA17007A406C /* Base */,
			);
			name = Main.storyboard;
			sourceTree = "<group>";
		};
		47AE11521A86DA17007A406C /* LaunchScreen.xib */ = {
			isa = PBXVariantGroup;
			children = (
				47AE11531A86DA17007A406C /* Base */,
			);
			name = LaunchScreen.xib;
			sourceTree = "<group>";
		};
/* End PBXVariantGroup section */

/* Begin XCBuildConfiguration section */
		47AE11611A86DA18007A406C /* Debug */ = {
			isa = XCBuildConfiguration;
			buildSettings = {
				ALWAYS_SEARCH_USER_PATHS = NO;
				CLANG_CXX_LANGUAGE_STANDARD = "gnu++0x";
				CLANG_CXX_LIBRARY = "libc++";
				CLANG_ENABLE_MODULES = YES;
				CLANG_ENABLE_OBJC_ARC = YES;
				CLANG_WARN_BOOL_CONVERSION = YES;
				CLANG_WARN_CONSTANT_CONVERSION = YES;
				CLANG_WARN_DIRECT_OBJC_ISA_USAGE = YES_ERROR;
				CLANG_WARN_EMPTY_BODY = YES;
				CLANG_WARN_ENUM_CONVERSION = YES;
				CLANG_WARN_INT_CONVERSION = YES;
				CLANG_WARN_OBJC_ROOT_CLASS = YES_ERROR;
				CLANG_WARN_UNREACHABLE_CODE = YES;
				CLANG_WARN__DUPLICATE_METHOD_MATCH = YES;
				"CODE_SIGN_IDENTITY[sdk=iphoneos*]" = "iPhone Developer";
				COPY_PHASE_STRIP = NO;
				ENABLE_STRICT_OBJC_MSGSEND = YES;
				GCC_C_LANGUAGE_STANDARD = gnu99;
				GCC_DYNAMIC_NO_PIC = NO;
				GCC_OPTIMIZATION_LEVEL = 0;
				GCC_PREPROCESSOR_DEFINITIONS = (
					"DEBUG=1",
					"$(inherited)",
				);
				GCC_SYMBOLS_PRIVATE_EXTERN = NO;
				GCC_WARN_64_TO_32_BIT_CONVERSION = YES;
				GCC_WARN_ABOUT_RETURN_TYPE = YES_ERROR;
				GCC_WARN_UNDECLARED_SELECTOR = YES;
				GCC_WARN_UNINITIALIZED_AUTOS = YES_AGGRESSIVE;
				GCC_WARN_UNUSED_FUNCTION = YES;
				GCC_WARN_UNUSED_VARIABLE = YES;
				IPHONEOS_DEPLOYMENT_TARGET = 8.1;
				MTL_ENABLE_DEBUG_INFO = YES;
				ONLY_ACTIVE_ARCH = YES;
				SDKROOT = iphoneos;
				SWIFT_OPTIMIZATION_LEVEL = "-Onone";
				TARGETED_DEVICE_FAMILY = "1,2";
			};
			name = Debug;
		};
		47AE11621A86DA18007A406C /* Release */ = {
			isa = XCBuildConfiguration;
			buildSettings = {
				ALWAYS_SEARCH_USER_PATHS = NO;
				CLANG_CXX_LANGUAGE_STANDARD = "gnu++0x";
				CLANG_CXX_LIBRARY = "libc++";
				CLANG_ENABLE_MODULES = YES;
				CLANG_ENABLE_OBJC_ARC = YES;
				CLANG_WARN_BOOL_CONVERSION = YES;
				CLANG_WARN_CONSTANT_CONVERSION = YES;
				CLANG_WARN_DIRECT_OBJC_ISA_USAGE = YES_ERROR;
				CLANG_WARN_EMPTY_BODY = YES;
				CLANG_WARN_ENUM_CONVERSION = YES;
				CLANG_WARN_INT_CONVERSION = YES;
				CLANG_WARN_OBJC_ROOT_CLASS = YES_ERROR;
				CLANG_WARN_UNREACHABLE_CODE = YES;
				CLANG_WARN__DUPLICATE_METHOD_MATCH = YES;
				"CODE_SIGN_IDENTITY[sdk=iphoneos*]" = "iPhone Developer";
				COPY_PHASE_STRIP = YES;
				ENABLE_NS_ASSERTIONS = NO;
				ENABLE_STRICT_OBJC_MSGSEND = YES;
				GCC_C_LANGUAGE_STANDARD = gnu99;
				GCC_WARN_64_TO_32_BIT_CONVERSION = YES;
				GCC_WARN_ABOUT_RETURN_TYPE = YES_ERROR;
				GCC_WARN_UNDECLARED_SELECTOR = YES;
				GCC_WARN_UNINITIALIZED_AUTOS = YES_AGGRESSIVE;
				GCC_WARN_UNUSED_FUNCTION = YES;
				GCC_WARN_UNUSED_VARIABLE = YES;
				IPHONEOS_DEPLOYMENT_TARGET = 8.1;
				MTL_ENABLE_DEBUG_INFO = NO;
				SDKROOT = iphoneos;
				TARGETED_DEVICE_FAMILY = "1,2";
				VALIDATE_PRODUCT = YES;
			};
			name = Release;
		};
		47AE11641A86DA18007A406C /* Debug */ = {
			isa = XCBuildConfiguration;
			buildSettings = {
				ASSETCATALOG_COMPILER_APPICON_NAME = AppIcon;
				INFOPLIST_FILE = Calculator/Info.plist;
				LD_RUNPATH_SEARCH_PATHS = "$(inherited) @executable_path/Frameworks";
				PRODUCT_NAME = "$(TARGET_NAME)";
			};
			name = Debug;
		};
		47AE11651A86DA18007A406C /* Release */ = {
			isa = XCBuildConfiguration;
			buildSettings = {
				ASSETCATALOG_COMPILER_APPICON_NAME = AppIcon;
				INFOPLIST_FILE = Calculator/Info.plist;
				LD_RUNPATH_SEARCH_PATHS = "$(inherited) @executable_path/Frameworks";
				PRODUCT_NAME = "$(TARGET_NAME)";
			};
			name = Release;
		};
		47AE11671A86DA18007A406C /* Debug */ = {
			isa = XCBuildConfiguration;
			buildSettings = {
				BUNDLE_LOADER = "$(TEST_HOST)";
				FRAMEWORK_SEARCH_PATHS = (
					"$(SDKROOT)/Developer/Library/Frameworks",
					"$(inherited)",
				);
				GCC_PREPROCESSOR_DEFINITIONS = (
					"DEBUG=1",
					"$(inherited)",
				);
				INFOPLIST_FILE = CalculatorTests/Info.plist;
				LD_RUNPATH_SEARCH_PATHS = "$(inherited) @executable_path/Frameworks @loader_path/Frameworks";
				PRODUCT_NAME = "$(TARGET_NAME)";
				TEST_HOST = "$(BUILT_PRODUCTS_DIR)/Calculator.app/Calculator";
			};
			name = Debug;
		};
		47AE11681A86DA18007A406C /* Release */ = {
			isa = XCBuildConfiguration;
			buildSettings = {
				BUNDLE_LOADER = "$(TEST_HOST)";
				FRAMEWORK_SEARCH_PATHS = (
					"$(SDKROOT)/Developer/Library/Frameworks",
					"$(inherited)",
				);
				INFOPLIST_FILE = CalculatorTests/Info.plist;
				LD_RUNPATH_SEARCH_PATHS = "$(inherited) @executable_path/Frameworks @loader_path/Frameworks";
				PRODUCT_NAME = "$(TARGET_NAME)";
				TEST_HOST = "$(BUILT_PRODUCTS_DIR)/Calculator.app/Calculator";
			};
			name = Release;
		};
/* End XCBuildConfiguration section */

/* Begin XCConfigurationList section */
		47AE113F1A86DA17007A406C /* Build configuration list for PBXProject "Calculator" */ = {
			isa = XCConfigurationList;
			buildConfigurations = (
				47AE11611A86DA18007A406C /* Debug */,
				47AE11621A86DA18007A406C /* Release */,
			);
			defaultConfigurationIsVisible = 0;
			defaultConfigurationName = Release;
		};
		47AE11631A86DA18007A406C /* Build configuration list for PBXNativeTarget "Calculator" */ = {
			isa = XCConfigurationList;
			buildConfigurations = (
				47AE11641A86DA18007A406C /* Debug */,
				47AE11651A86DA18007A406C /* Release */,
			);
			defaultConfigurationIsVisible = 0;
			defaultConfigurationName = Release;
		};
		47AE11661A86DA18007A406C /* Build configuration list for PBXNativeTarget "CalculatorTests" */ = {
			isa = XCConfigurationList;
			buildConfigurations = (
				47AE11671A86DA18007A406C /* Debug */,
				47AE11681A86DA18007A406C /* Release */,
			);
			defaultConfigurationIsVisible = 0;
			defaultConfigurationName = Release;
		};
/* End XCConfigurationList section */
	};
	rootObject = 47AE113C1A86DA17007A406C /* Project object */;
}
